<Solution>
  <Folder Name="/src/">
    <Project Path="src/SABZ.API/SABZ.API.csproj" />
    <Project Path="src/SABZ.Application/SABZ.Application.csproj" />
    <Project Path="src/SABZ.Domain/SABZ.Domain.csproj" />
    <Project Path="src/SABZ.Infrastructure/SABZ.Infrastructure.csproj" />
  </Folder>
</Solution>
